
Microsoft Visual Studio Solution File, Format Version 12.00
# Visual Studio Version 16
VisualStudioVersion = 16.0.31321.278
MinimumVisualStudioVersion = 10.0.40219.1
Project("{FAE04EC0-301F-11D3-BF4B-00C04F79EFBC}") = "MeetingManagement", "MeetingManagement\MeetingManagement.csproj", "{03FDBEE0-B3AA-45D9-A0B3-3FBBF0EAD586}"
EndProject
Global
	GlobalSection(SolutionConfigurationPlatforms) = preSolution
		Debug|Any CPU = Debug|Any CPU
		Release|Any CPU = Release|Any CPU
	EndGlobalSection
	GlobalSection(ProjectConfigurationPlatforms) = postSolution
		{03FDBEE0-B3AA-45D9-A0B3-3FBBF0EAD586}.Debug|Any CPU.ActiveCfg = Debug|Any CPU
		{03FDBEE0-B3AA-45D9-A0B3-3FBBF0EAD586}.Debug|Any CPU.Build.0 = Debug|Any CPU
		{03FDBEE0-B3AA-45D9-A0B3-3FBBF0EAD586}.Release|Any CPU.ActiveCfg = Release|Any CPU
		{03FDBEE0-B3AA-45D9-A0B3-3FBBF0EAD586}.Release|Any CPU.Build.0 = Release|Any CPU
	EndGlobalSection
	GlobalSection(SolutionProperties) = preSolution
		HideSolutionNode = FALSE
	EndGlobalSection
	GlobalSection(ExtensibilityGlobals) = postSolution
		SolutionGuid = {B9B8F069-F6AC-4F6C-9C6B-77B4B228C897}
	EndGlobalSection
EndGlobal
